
Microsoft Visual Studio Solution File, Format Version 12.00
# Visual Studio 2013
VisualStudioVersion = 12.0.21005.1
MinimumVisualStudioVersion = 10.0.40219.1
Project("{FAE04EC0-301F-11D3-BF4B-00C04F79EFBC}") = "Projeto_F2", "Projeto_F2\Projeto_F2.csproj", "{A8318D1C-F81E-4C00-841A-85BEFF500ECE}"
EndProject
Global
	GlobalSection(SolutionConfigurationPlatforms) = preSolution
		Debug|Any CPU = Debug|Any CPU
		Release|Any CPU = Release|Any CPU
	EndGlobalSection
	GlobalSection(ProjectConfigurationPlatforms) = postSolution
		{A8318D1C-F81E-4C00-841A-85BEFF500ECE}.Debug|Any CPU.ActiveCfg = Debug|Any CPU
		{A8318D1C-F81E-4C00-841A-85BEFF500ECE}.Debug|Any CPU.Build.0 = Debug|Any CPU
		{A8318D1C-F81E-4C00-841A-85BEFF500ECE}.Release|Any CPU.ActiveCfg = Release|Any CPU
		{A8318D1C-F81E-4C00-841A-85BEFF500ECE}.Release|Any CPU.Build.0 = Release|Any CPU
	EndGlobalSection
	GlobalSection(SolutionProperties) = preSolution
		HideSolutionNode = FALSE
	EndGlobalSection
EndGlobal
